# This file is automatically @generated by Cargo.
# It is not intended for manual editing.
version = 4

[[package]]
name = "zrelease-fixture-alias"
version = "0.3.0"
dependencies = [
 "zrelease-fixture-facade",
]

[[package]]
name = "zrelease-fixture-base"
version = "0.1.0"

[[package]]
name = "zrelease-fixture-facade"
version = "0.2.0"
dependencies = [
 "zrelease-fixture-base",
 "zrelease-fixture-sync",
]

[[package]]
name = "zrelease-fixture-private"
version = "0.0.0"

[[package]]
name = "zrelease-fixture-sync"
version = "0.1.1"
